// !$*UTF8*$!
{
	archiveVersion = 1;
	classes = {
	};
	objectVersion = 46;
	objects = {

/* Begin PBXBuildFile section */
		3F29EFB11D91374E00746A7A /* main.m in Sources */ = {isa = PBXBuildFile; fileRef = 3F29EFB01D91374E00746A7A /* main.m */; };
		3F29EFB41D91374E00746A7A /* AppDelegate.m in Sources */ = {isa = PBXBuildFile; fileRef = 3F29EFB31D91374E00746A7A /* AppDelegate.m */; };
		3F29EFB71D91374E00746A7A /* ViewController.m in Sources */ = {isa = PBXBuildFile; fileRef = 3F29EFB61D91374E00746A7A /* ViewController.m */; };
		3F29EFBA1D91374E00746A7A /* Main.storyboard in Resources */ = {isa = PBXBuildFile; fileRef = 3F29EFB81D91374E00746A7A /* Main.storyboard */; };
		3F29EFBC1D91374E00746A7A /* Assets.xcassets in Resources */ = {isa = PBXBuildFile; fileRef = 3F29EFBB1D91374E00746A7A /* Assets.xcassets */; };
		3F29EFBF1D91374E00746A7A /* LaunchScreen.storyboard in Resources */ = {isa = PBXBuildFile; fileRef = 3F29EFBD1D91374E00746A7A /* LaunchScreen.storyboard */; };
		3F29EFCA1D91374E00746A7A /* GIthubdemoTests.m in Sources */ = {isa = PBXBuildFile; fileRef = 3F29EFC91D91374E00746A7A /* GIthubdemoTests.m */; };
		3F29EFD51D91374E00746A7A /* GIthubdemoUITests.m in Sources */ = {isa = PBXBuildFile; fileRef = 3F29EFD41D91374E00746A7A /* GIthubdemoUITests.m */; };
/* End PBXBuildFile section */

/* Begin PBXContainerItemProxy section */
		3F29EFC61D91374E00746A7A /* PBXContainerItemProxy */ = {
			isa = PBXContainerItemProxy;
			containerPortal = 3F29EFA41D91374E00746A7A /* Project object */;
			proxyType = 1;
			remoteGlobalIDString = 3F29EFAB1D91374E00746A7A;
			remoteInfo = GIthubdemo;
		};
		3F29EFD11D91374E00746A7A /* PBXContainerItemProxy */ = {
			isa = PBXContainerItemProxy;
			containerPortal = 3F29EFA41D91374E00746A7A /* Project object */;
			proxyType = 1;
			remoteGlobalIDString = 3F29EFAB1D91374E00746A7A;
			remoteInfo = GIthubdemo;
		};
/* End PBXContainerItemProxy section */

/* Begin PBXFileReference section */
		3F29EFAC1D91374E00746A7A /* GIthubdemo.app */ = {isa = PBXFileReference; explicitFileType = wrapper.application; includeInIndex = 0; path = GIthubdemo.app; sourceTree = BUILT_PRODUCTS_DIR; };
		3F29EFB01D91374E00746A7A /* main.m */ = {isa = PBXFileReference; lastKnownFileType = sourcecode.c.objc; path = main.m; sourceTree = "<group>"; };
		3F29EFB21D91374E00746A7A /* AppDelegate.h */ = {isa = PBXFileReference; lastKnownFileType = sourcecode.c.h; path = AppDelegate.h; sourceTree = "<group>"; };
		3F29EFB31D91374E00746A7A /* AppDelegate.m */ = {isa = PBXFileReference; lastKnownFileType = sourcecode.c.objc; path = AppDelegate.m; sourceTree = "<group>"; };
		3F29EFB51D91374E00746A7A /* ViewController.h */ = {isa = PBXFileReference; lastKnownFileType = sourcecode.c.h; path = ViewController.h; sourceTree = "<group>"; };
		3F29EFB61D91374E00746A7A /* ViewController.m */ = {isa = PBXFileReference; lastKnownFileType = sourcecode.c.objc; path = ViewController.m; sourceTree = "<group>"; };
		3F29EFB91D91374E00746A7A /* Base */ = {isa = PBXFileReference; lastKnownFileType = file.storyboard; name = Base; path = Base.lproj/Main.storyboard; sourceTree = "<group>"; };
		3F29EFBB1D91374E00746A7A /* Assets.xcassets */ = {isa = PBXFileReference; lastKnownFileType = folder.assetcatalog; path = Assets.xcassets; sourceTree = "<group>"; };
		3F29EFBE1D91374E00746A7A /* Base */ = {isa = PBXFileReference; lastKnownFileType = file.storyboard; name = Base; path = Base.lproj/LaunchScreen.storyboard; sourceTree = "<group>"; };
		3F29EFC01D91374E00746A7A /* Info.plist */ = {isa = PBXFileReference; lastKnownFileType = text.plist.xml; path = Info.plist; sourceTree = "<group>"; };
		3F29EFC51D91374E00746A7A /* GIthubdemoTests.xctest */ = {isa = PBXFileReference; explicitFileType = wrapper.cfbundle; includeInIndex = 0; path = GIthubdemoTests.xctest; sourceTree = BUILT_PRODUCTS_DIR; };
		3F29EFC91D91374E00746A7A /* GIthubdemoTests.m */ = {isa = PBXFileReference; lastKnownFileType = sourcecode.c.objc; path = GIthubdemoTests.m; sourceTree = "<group>"; };
		3F29EFCB1D91374E00746A7A /* Info.plist */ = {isa = PBXFileReference; lastKnownFileType = text.plist.xml; path = Info.plist; sourceTree = "<group>"; };
		3F29EFD01D91374E00746A7A /* GIthubdemoUITests.xctest */ = {isa = PBXFileReference; explicitFileType = wrapper.cfbundle; includeInIndex = 0; path = GIthubdemoUITests.xctest; sourceTree = BUILT_PRODUCTS_DIR; };
		3F29EFD41D91374E00746A7A /* GIthubdemoUITests.m */ = {isa = PBXFileReference; lastKnownFileType = sourcecode.c.objc; path = GIthubdemoUITests.m; sourceTree = "<group>"; };
		3F29EFD61D91374E00746A7A /* Info.plist */ = {isa = PBXFileReference; lastKnownFileType = text.plist.xml; path = Info.plist; sourceTree = "<group>"; };
/* End PBXFileReference section */

/* Begin PBXFrameworksBuildPhase section */
		3F29EFA91D91374E00746A7A /* Frameworks */ = {
			isa = PBXFrameworksBuildPhase;
			buildActionMask = 2147483647;
			files = (
			);
			runOnlyForDeploymentPostprocessing = 0;
		};
		3F29EFC21D91374E00746A7A /* Frameworks */ = {
			isa = PBXFrameworksBuildPhase;
			buildActionMask = 2147483647;
			files = (
			);
			runOnlyForDeploymentPostprocessing = 0;
		};
		3F29EFCD1D91374E00746A7A /* Frameworks */ = {
			isa = PBXFrameworksBuildPhase;
			buildActionMask = 2147483647;
			files = (
			);
			runOnlyForDeploymentPostprocessing = 0;
		};
/* End PBXFrameworksBuildPhase section */

/* Begin PBXGroup section */
		3F29EFA31D91374E00746A7A = {
			isa = PBXGroup;
			children = (
				3F29EFAE1D91374E00746A7A /* GIthubdemo */,
				3F29EFC81D91374E00746A7A /* GIthubdemoTests */,
				3F29EFD31D91374E00746A7A /* GIthubdemoUITests */,
				3F29EFAD1D91374E00746A7A /* Products */,
			);
			sourceTree = "<group>";
		};
		3F29EFAD1D91374E00746A7A /* Products */ = {
			isa = PBXGroup;
			children = (
				3F29EFAC1D91374E00746A7A /* GIthubdemo.app */,
				3F29EFC51D91374E00746A7A /* GIthubdemoTests.xctest */,
				3F29EFD01D91374E00746A7A /* GIthubdemoUITests.xctest */,
			);
			name = Products;
			sourceTree = "<group>";
		};
		3F29EFAE1D91374E00746A7A /* GIthubdemo */ = {
			isa = PBXGroup;
			children = (
				3F29EFB21D91374E00746A7A /* AppDelegate.h */,
				3F29EFB31D91374E00746A7A /* AppDelegate.m */,
				3F29EFB51D91374E00746A7A /* ViewController.h */,
				3F29EFB61D91374E00746A7A /* ViewController.m */,
				3F29EFB81D91374E00746A7A /* Main.storyboard */,
				3F29EFBB1D91374E00746A7A /* Assets.xcassets */,
				3F29EFBD1D91374E00746A7A /* LaunchScreen.storyboard */,
				3F29EFC01D91374E00746A7A /* Info.plist */,
				3F29EFAF1D91374E00746A7A /* Supporting Files */,
			);
			path = GIthubdemo;
			sourceTree = "<group>";
		};
		3F29EFAF1D91374E00746A7A /* Supporting Files */ = {
			isa = PBXGroup;
			children = (
				3F29EFB01D91374E00746A7A /* main.m */,
			);
			name = "Supporting Files";
			sourceTree = "<group>";
		};
		3F29EFC81D91374E00746A7A /* GIthubdemoTests */ = {
			isa = PBXGroup;
			children = (
				3F29EFC91D91374E00746A7A /* GIthubdemoTests.m */,
				3F29EFCB1D91374E00746A7A /* Info.plist */,
			);
			path = GIthubdemoTests;
			sourceTree = "<group>";
		};
		3F29EFD31D91374E00746A7A /* GIthubdemoUITests */ = {
			isa = PBXGroup;
			children = (
				3F29EFD41D91374E00746A7A /* GIthubdemoUITests.m */,
				3F29EFD61D91374E00746A7A /* Info.plist */,
			);
			path = GIthubdemoUITests;
			sourceTree = "<group>";
		};
/* End PBXGroup section */

/* Begin PBXNativeTarget section */
		3F29EFAB1D91374E00746A7A /* GIthubdemo */ = {
			isa = PBXNativeTarget;
			buildConfigurationList = 3F29EFD91D91374E00746A7A /* Build configuration list for PBXNativeTarget "GIthubdemo" */;
			buildPhases = (
				3F29EFA81D91374E00746A7A /* Sources */,
				3F29EFA91D91374E00746A7A /* Frameworks */,
				3F29EFAA1D91374E00746A7A /* Resources */,
			);
			buildRules = (
			);
			dependencies = (
			);
			name = GIthubdemo;
			productName = GIthubdemo;
			productReference = 3F29EFAC1D91374E00746A7A /* GIthubdemo.app */;
			productType = "com.apple.product-type.application";
		};
		3F29EFC41D91374E00746A7A /* GIthubdemoTests */ = {
			isa = PBXNativeTarget;
			buildConfigurationList = 3F29EFDC1D91374E00746A7A /* Build configuration list for PBXNativeTarget "GIthubdemoTests" */;
			buildPhases = (
				3F29EFC11D91374E00746A7A /* Sources */,
				3F29EFC21D91374E00746A7A /* Frameworks */,
				3F29EFC31D91374E00746A7A /* Resources */,
			);
			buildRules = (
			);
			dependencies = (
				3F29EFC71D91374E00746A7A /* PBXTargetDependency */,
			);
			name = GIthubdemoTests;
			productName = GIthubdemoTests;
			productReference = 3F29EFC51D91374E00746A7A /* GIthubdemoTests.xctest */;
			productType = "com.apple.product-type.bundle.unit-test";
		};
		3F29EFCF1D91374E00746A7A /* GIthubdemoUITests */ = {
			isa = PBXNativeTarget;
			buildConfigurationList = 3F29EFDF1D91374E00746A7A /* Build configuration list for PBXNativeTarget "GIthubdemoUITests" */;
			buildPhases = (
				3F29EFCC1D91374E00746A7A /* Sources */,
				3F29EFCD1D91374E00746A7A /* Frameworks */,
				3F29EFCE1D91374E00746A7A /* Resources */,
			);
			buildRules = (
			);
			dependencies = (
				3F29EFD21D91374E00746A7A /* PBXTargetDependency */,
			);
			name = GIthubdemoUITests;
			productName = GIthubdemoUITests;
			productReference = 3F29EFD01D91374E00746A7A /* GIthubdemoUITests.xctest */;
			productType = "com.apple.product-type.bundle.ui-testing";
		};
/* End PBXNativeTarget section */

/* Begin PBXProject section */
		3F29EFA41D91374E00746A7A /* Project object */ = {
			isa = PBXProject;
			attributes = {
				LastUpgradeCheck = 0720;
				ORGANIZATIONNAME = "Brn InfoTech";
				TargetAttributes = {
					3F29EFAB1D91374E00746A7A = {
						CreatedOnToolsVersion = 7.2;
					};
					3F29EFC41D91374E00746A7A = {
						CreatedOnToolsVersion = 7.2;
						TestTargetID = 3F29EFAB1D91374E00746A7A;
					};
					3F29EFCF1D91374E00746A7A = {
						CreatedOnToolsVersion = 7.2;
						TestTargetID = 3F29EFAB1D91374E00746A7A;
					};
				};
			};
			buildConfigurationList = 3F29EFA71D91374E00746A7A /* Build configuration list for PBXProject "GIthubdemo" */;
			compatibilityVersion = "Xcode 3.2";
			developmentRegion = English;
			hasScannedForEncodings = 0;
			knownRegions = (
				en,
				Base,
			);
			mainGroup = 3F29EFA31D91374E00746A7A;
			productRefGroup = 3F29EFAD1D91374E00746A7A /* Products */;
			projectDirPath = "";
			projectRoot = "";
			targets = (
				3F29EFAB1D91374E00746A7A /* GIthubdemo */,
				3F29EFC41D91374E00746A7A /* GIthubdemoTests */,
				3F29EFCF1D91374E00746A7A /* GIthubdemoUITests */,
			);
		};
/* End PBXProject section */

/* Begin PBXResourcesBuildPhase section */
		3F29EFAA1D91374E00746A7A /* Resources */ = {
			isa = PBXResourcesBuildPhase;
			buildActionMask = 2147483647;
			files = (
				3F29EFBF1D91374E00746A7A /* LaunchScreen.storyboard in Resources */,
				3F29EFBC1D91374E00746A7A /* Assets.xcassets in Resources */,
				3F29EFBA1D91374E00746A7A /* Main.storyboard in Resources */,
			);
			runOnlyForDeploymentPostprocessing = 0;
		};
		3F29EFC31D91374E00746A7A /* Resources */ = {
			isa = PBXResourcesBuildPhase;
			buildActionMask = 2147483647;
			files = (
			);
			runOnlyForDeploymentPostprocessing = 0;
		};
		3F29EFCE1D91374E00746A7A /* Resources */ = {
			isa = PBXResourcesBuildPhase;
			buildActionMask = 2147483647;
			files = (
			);
			runOnlyForDeploymentPostprocessing = 0;
		};
/* End PBXResourcesBuildPhase section */

/* Begin PBXSourcesBuildPhase section */
		3F29EFA81D91374E00746A7A /* Sources */ = {
			isa = PBXSourcesBuildPhase;
			buildActionMask = 2147483647;
			files = (
				3F29EFB71D91374E00746A7A /* ViewController.m in Sources */,
				3F29EFB41D91374E00746A7A /* AppDelegate.m in Sources */,
				3F29EFB11D91374E00746A7A /* main.m in Sources */,
			);
			runOnlyForDeploymentPostprocessing = 0;
		};
		3F29EFC11D91374E00746A7A /* Sources */ = {
			isa = PBXSourcesBuildPhase;
			buildActionMask = 2147483647;
			files = (
				3F29EFCA1D91374E00746A7A /* GIthubdemoTests.m in Sources */,
			);
			runOnlyForDeploymentPostprocessing = 0;
		};
		3F29EFCC1D91374E00746A7A /* Sources */ = {
			isa = PBXSourcesBuildPhase;
			buildActionMask = 2147483647;
			files = (
				3F29EFD51D91374E00746A7A /* GIthubdemoUITests.m in Sources */,
			);
			runOnlyForDeploymentPostprocessing = 0;
		};
/* End PBXSourcesBuildPhase section */

/* Begin PBXTargetDependency section */
		3F29EFC71D91374E00746A7A /* PBXTargetDependency */ = {
			isa = PBXTargetDependency;
			target = 3F29EFAB1D91374E00746A7A /* GIthubdemo */;
			targetProxy = 3F29EFC61D91374E00746A7A /* PBXContainerItemProxy */;
		};
		3F29EFD21D91374E00746A7A /* PBXTargetDependency */ = {
			isa = PBXTargetDependency;
			target = 3F29EFAB1D91374E00746A7A /* GIthubdemo */;
			targetProxy = 3F29EFD11D91374E00746A7A /* PBXContainerItemProxy */;
		};
/* End PBXTargetDependency section */

/* Begin PBXVariantGroup section */
		3F29EFB81D91374E00746A7A /* Main.storyboard */ = {
			isa = PBXVariantGroup;
			children = (
				3F29EFB91D91374E00746A7A /* Base */,
			);
			name = Main.storyboard;
			sourceTree = "<group>";
		};
		3F29EFBD1D91374E00746A7A /* LaunchScreen.storyboard */ = {
			isa = PBXVariantGroup;
			children = (
				3F29EFBE1D91374E00746A7A /* Base */,
			);
			name = LaunchScreen.storyboard;
			sourceTree = "<group>";
		};
/* End PBXVariantGroup section */

/* Begin XCBuildConfiguration section */
		3F29EFD71D91374E00746A7A /* Debug */ = {
			isa = XCBuildConfiguration;
			buildSettings = {
				ALWAYS_SEARCH_USER_PATHS = NO;
				CLANG_CXX_LANGUAGE_STANDARD = "gnu++0x";
				CLANG_CXX_LIBRARY = "libc++";
				CLANG_ENABLE_MODULES = YES;
				CLANG_ENABLE_OBJC_ARC = YES;
				CLANG_WARN_BOOL_CONVERSION = YES;
				CLANG_WARN_CONSTANT_CONVERSION = YES;
				CLANG_WARN_DIRECT_OBJC_ISA_USAGE = YES_ERROR;
				CLANG_WARN_EMPTY_BODY = YES;
				CLANG_WARN_ENUM_CONVERSION = YES;
				CLANG_WARN_INT_CONVERSION = YES;
				CLANG_WARN_OBJC_ROOT_CLASS = YES_ERROR;
				CLANG_WARN_UNREACHABLE_CODE = YES;
				CLANG_WARN__DUPLICATE_METHOD_MATCH = YES;
				"CODE_SIGN_IDENTITY[sdk=iphoneos*]" = "iPhone Developer";
				COPY_PHASE_STRIP = NO;
				DEBUG_INFORMATION_FORMAT = dwarf;
				ENABLE_STRICT_OBJC_MSGSEND = YES;
				ENABLE_TESTABILITY = YES;
				GCC_C_LANGUAGE_STANDARD = gnu99;
				GCC_DYNAMIC_NO_PIC = NO;
				GCC_NO_COMMON_BLOCKS = YES;
				GCC_OPTIMIZATION_LEVEL = 0;
				GCC_PREPROCESSOR_DEFINITIONS = (
					"DEBUG=1",
					"$(inherited)",
				);
				GCC_WARN_64_TO_32_BIT_CONVERSION = YES;
				GCC_WARN_ABOUT_RETURN_TYPE = YES_ERROR;
				GCC_WARN_UNDECLARED_SELECTOR = YES;
				GCC_WARN_UNINITIALIZED_AUTOS = YES_AGGRESSIVE;
				GCC_WARN_UNUSED_FUNCTION = YES;
				GCC_WARN_UNUSED_VARIABLE = YES;
				IPHONEOS_DEPLOYMENT_TARGET = 9.2;
				MTL_ENABLE_DEBUG_INFO = YES;
				ONLY_ACTIVE_ARCH = YES;
				SDKROOT = iphoneos;
			};
			name = Debug;
		};
		3F29EFD81D91374E00746A7A /* Release */ = {
			isa = XCBuildConfiguration;
			buildSettings = {
				ALWAYS_SEARCH_USER_PATHS = NO;
				CLANG_CXX_LANGUAGE_STANDARD = "gnu++0x";
				CLANG_CXX_LIBRARY = "libc++";
				CLANG_ENABLE_MODULES = YES;
				CLANG_ENABLE_OBJC_ARC = YES;
				CLANG_WARN_BOOL_CONVERSION = YES;
				CLANG_WARN_CONSTANT_CONVERSION = YES;
				CLANG_WARN_DIRECT_OBJC_ISA_USAGE = YES_ERROR;
				CLANG_WARN_EMPTY_BODY = YES;
				CLANG_WARN_ENUM_CONVERSION = YES;
				CLANG_WARN_INT_CONVERSION = YES;
				CLANG_WARN_OBJC_ROOT_CLASS = YES_ERROR;
				CLANG_WARN_UNREACHABLE_CODE = YES;
				CLANG_WARN__DUPLICATE_METHOD_MATCH = YES;
				"CODE_SIGN_IDENTITY[sdk=iphoneos*]" = "iPhone Developer";
				COPY_PHASE_STRIP = NO;
				DEBUG_INFORMATION_FORMAT = "dwarf-with-dsym";
				ENABLE_NS_ASSERTIONS = NO;
				ENABLE_STRICT_OBJC_MSGSEND = YES;
				GCC_C_LANGUAGE_STANDARD = gnu99;
				GCC_NO_COMMON_BLOCKS = YES;
				GCC_WARN_64_TO_32_BIT_CONVERSION = YES;
				GCC_WARN_ABOUT_RETURN_TYPE = YES_ERROR;
				GCC_WARN_UNDECLARED_SELECTOR = YES;
				GCC_WARN_UNINITIALIZED_AUTOS = YES_AGGRESSIVE;
				GCC_WARN_UNUSED_FUNCTION = YES;
				GCC_WARN_UNUSED_VARIABLE = YES;
				IPHONEOS_DEPLOYMENT_TARGET = 9.2;
				MTL_ENABLE_DEBUG_INFO = NO;
				SDKROOT = iphoneos;
				VALIDATE_PRODUCT = YES;
			};
			name = Release;
		};
		3F29EFDA1D91374E00746A7A /* Debug */ = {
			isa = XCBuildConfiguration;
			buildSettings = {
				ASSETCATALOG_COMPILER_APPICON_NAME = AppIcon;
				INFOPLIST_FILE = GIthubdemo/Info.plist;
				LD_RUNPATH_SEARCH_PATHS = "$(inherited) @executable_path/Frameworks";
				PRODUCT_BUNDLE_IDENTIFIER = com.Gopi.GIthubdemo;
				PRODUCT_NAME = "$(TARGET_NAME)";
			};
			name = Debug;
		};
		3F29EFDB1D91374E00746A7A /* Release */ = {
			isa = XCBuildConfiguration;
			buildSettings = {
				ASSETCATALOG_COMPILER_APPICON_NAME = AppIcon;
				INFOPLIST_FILE = GIthubdemo/Info.plist;
				LD_RUNPATH_SEARCH_PATHS = "$(inherited) @executable_path/Frameworks";
				PRODUCT_BUNDLE_IDENTIFIER = com.Gopi.GIthubdemo;
				PRODUCT_NAME = "$(TARGET_NAME)";
			};
			name = Release;
		};
		3F29EFDD1D91374E00746A7A /* Debug */ = {
			isa = XCBuildConfiguration;
			buildSettings = {
				BUNDLE_LOADER = "$(TEST_HOST)";
				INFOPLIST_FILE = GIthubdemoTests/Info.plist;
				LD_RUNPATH_SEARCH_PATHS = "$(inherited) @executable_path/Frameworks @loader_path/Frameworks";
				PRODUCT_BUNDLE_IDENTIFIER = com.Gopi.GIthubdemoTests;
				PRODUCT_NAME = "$(TARGET_NAME)";
				TEST_HOST = "$(BUILT_PRODUCTS_DIR)/GIthubdemo.app/GIthubdemo";
			};
			name = Debug;
		};
		3F29EFDE1D91374E00746A7A /* Release */ = {
			isa = XCBuildConfiguration;
			buildSettings = {
				BUNDLE_LOADER = "$(TEST_HOST)";
				INFOPLIST_FILE = GIthubdemoTests/Info.plist;
				LD_RUNPATH_SEARCH_PATHS = "$(inherited) @executable_path/Frameworks @loader_path/Frameworks";
				PRODUCT_BUNDLE_IDENTIFIER = com.Gopi.GIthubdemoTests;
				PRODUCT_NAME = "$(TARGET_NAME)";
				TEST_HOST = "$(BUILT_PRODUCTS_DIR)/GIthubdemo.app/GIthubdemo";
			};
			name = Release;
		};
		3F29EFE01D91374E00746A7A /* Debug */ = {
			isa = XCBuildConfiguration;
			buildSettings = {
				INFOPLIST_FILE = GIthubdemoUITests/Info.plist;
				LD_RUNPATH_SEARCH_PATHS = "$(inherited) @executable_path/Frameworks @loader_path/Frameworks";
				PRODUCT_BUNDLE_IDENTIFIER = com.Gopi.GIthubdemoUITests;
				PRODUCT_NAME = "$(TARGET_NAME)";
				TEST_TARGET_NAME = GIthubdemo;
				USES_XCTRUNNER = YES;
			};
			name = Debug;
		};
		3F29EFE11D91374E00746A7A /* Release */ = {
			isa = XCBuildConfiguration;
			buildSettings = {
				INFOPLIST_FILE = GIthubdemoUITests/Info.plist;
				LD_RUNPATH_SEARCH_PATHS = "$(inherited) @executable_path/Frameworks @loader_path/Frameworks";
				PRODUCT_BUNDLE_IDENTIFIER = com.Gopi.GIthubdemoUITests;
				PRODUCT_NAME = "$(TARGET_NAME)";
				TEST_TARGET_NAME = GIthubdemo;
				USES_XCTRUNNER = YES;
			};
			name = Release;
		};
/* End XCBuildConfiguration section */

/* Begin XCConfigurationList section */
		3F29EFA71D91374E00746A7A /* Build configuration list for PBXProject "GIthubdemo" */ = {
			isa = XCConfigurationList;
			buildConfigurations = (
				3F29EFD71D91374E00746A7A /* Debug */,
				3F29EFD81D91374E00746A7A /* Release */,
			);
			defaultConfigurationIsVisible = 0;
			defaultConfigurationName = Release;
		};
		3F29EFD91D91374E00746A7A /* Build configuration list for PBXNativeTarget "GIthubdemo" */ = {
			isa = XCConfigurationList;
			buildConfigurations = (
				3F29EFDA1D91374E00746A7A /* Debug */,
				3F29EFDB1D91374E00746A7A /* Release */,
			);
			defaultConfigurationIsVisible = 0;
		};
		3F29EFDC1D91374E00746A7A /* Build configuration list for PBXNativeTarget "GIthubdemoTests" */ = {
			isa = XCConfigurationList;
			buildConfigurations = (
				3F29EFDD1D91374E00746A7A /* Debug */,
				3F29EFDE1D91374E00746A7A /* Release */,
			);
			defaultConfigurationIsVisible = 0;
		};
		3F29EFDF1D91374E00746A7A /* Build configuration list for PBXNativeTarget "GIthubdemoUITests" */ = {
			isa = XCConfigurationList;
			buildConfigurations = (
				3F29EFE01D91374E00746A7A /* Debug */,
				3F29EFE11D91374E00746A7A /* Release */,
			);
			defaultConfigurationIsVisible = 0;
		};
/* End XCConfigurationList section */
	};
	rootObject = 3F29EFA41D91374E00746A7A /* Project object */;
}
